
Microsoft Visual Studio Solution File, Format Version 12.00
# Visual Studio 2013
VisualStudioVersion = 12.0.30501.0
MinimumVisualStudioVersion = 10.0.40219.1
Project("{FAE04EC0-301F-11D3-BF4B-00C04F79EFBC}") = "ChatApp", "DragDropPhoneApp\ChatApp.csproj", "{87555BFE-031D-45A2-94BA-EC960FD90426}"
EndProject
Project("{FAE04EC0-301F-11D3-BF4B-00C04F79EFBC}") = "Build.Resource", "Build.Resource\Build.Resource.csproj", "{9C370CEE-8278-4A81-A53C-6D9C057F9143}"
EndProject
Project("{FAE04EC0-301F-11D3-BF4B-00C04F79EFBC}") = "Build.DataLayer", "Build.DataLayer\Build.DataLayer.csproj", "{2B2708AC-9266-430A-8B79-6B8DD1D33C4B}"
EndProject
Project("{FAE04EC0-301F-11D3-BF4B-00C04F79EFBC}") = "Build.Resources", "Build.DataLayer - Copy\Build.Resources.csproj", "{ED79D5F1-530B-40E5-BE35-0588138FEA3D}"
EndProject
Global
	GlobalSection(SolutionConfigurationPlatforms) = preSolution
		Debug|Any CPU = Debug|Any CPU
		Debug|ARM = Debug|ARM
		Debug|x64 = Debug|x64
		Debug|x86 = Debug|x86
		Release|Any CPU = Release|Any CPU
		Release|ARM = Release|ARM
		Release|x64 = Release|x64
		Release|x86 = Release|x86
	EndGlobalSection
	GlobalSection(ProjectConfigurationPlatforms) = postSolution
		{87555BFE-031D-45A2-94BA-EC960FD90426}.Debug|Any CPU.ActiveCfg = Debug|Any CPU
		{87555BFE-031D-45A2-94BA-EC960FD90426}.Debug|Any CPU.Build.0 = Debug|Any CPU
		{87555BFE-031D-45A2-94BA-EC960FD90426}.Debug|Any CPU.Deploy.0 = Debug|Any CPU
		{87555BFE-031D-45A2-94BA-EC960FD90426}.Debug|ARM.ActiveCfg = Debug|ARM
		{87555BFE-031D-45A2-94BA-EC960FD90426}.Debug|ARM.Build.0 = Debug|ARM
		{87555BFE-031D-45A2-94BA-EC960FD90426}.Debug|ARM.Deploy.0 = Debug|ARM
		{87555BFE-031D-45A2-94BA-EC960FD90426}.Debug|x64.ActiveCfg = Debug|Any CPU
		{87555BFE-031D-45A2-94BA-EC960FD90426}.Debug|x86.ActiveCfg = Debug|x86
		{87555BFE-031D-45A2-94BA-EC960FD90426}.Debug|x86.Build.0 = Debug|x86
		{87555BFE-031D-45A2-94BA-EC960FD90426}.Debug|x86.Deploy.0 = Debug|x86
		{87555BFE-031D-45A2-94BA-EC960FD90426}.Release|Any CPU.ActiveCfg = Release|Any CPU
		{87555BFE-031D-45A2-94BA-EC960FD90426}.Release|Any CPU.Build.0 = Release|Any CPU
		{87555BFE-031D-45A2-94BA-EC960FD90426}.Release|Any CPU.Deploy.0 = Release|Any CPU
		{87555BFE-031D-45A2-94BA-EC960FD90426}.Release|ARM.ActiveCfg = Release|ARM
		{87555BFE-031D-45A2-94BA-EC960FD90426}.Release|ARM.Build.0 = Release|ARM
		{87555BFE-031D-45A2-94BA-EC960FD90426}.Release|ARM.Deploy.0 = Release|ARM
		{87555BFE-031D-45A2-94BA-EC960FD90426}.Release|x64.ActiveCfg = Release|Any CPU
		{87555BFE-031D-45A2-94BA-EC960FD90426}.Release|x86.ActiveCfg = Release|x86
		{87555BFE-031D-45A2-94BA-EC960FD90426}.Release|x86.Build.0 = Release|x86
		{87555BFE-031D-45A2-94BA-EC960FD90426}.Release|x86.Deploy.0 = Release|x86
		{9C370CEE-8278-4A81-A53C-6D9C057F9143}.Debug|Any CPU.ActiveCfg = Debug|Any CPU
		{9C370CEE-8278-4A81-A53C-6D9C057F9143}.Debug|Any CPU.Build.0 = Debug|Any CPU
		{9C370CEE-8278-4A81-A53C-6D9C057F9143}.Debug|ARM.ActiveCfg = Debug|ARM
		{9C370CEE-8278-4A81-A53C-6D9C057F9143}.Debug|ARM.Build.0 = Debug|ARM
		{9C370CEE-8278-4A81-A53C-6D9C057F9143}.Debug|x64.ActiveCfg = Debug|Any CPU
		{9C370CEE-8278-4A81-A53C-6D9C057F9143}.Debug|x86.ActiveCfg = Debug|x86
		{9C370CEE-8278-4A81-A53C-6D9C057F9143}.Debug|x86.Build.0 = Debug|x86
		{9C370CEE-8278-4A81-A53C-6D9C057F9143}.Release|Any CPU.ActiveCfg = Release|Any CPU
		{9C370CEE-8278-4A81-A53C-6D9C057F9143}.Release|Any CPU.Build.0 = Release|Any CPU
		{9C370CEE-8278-4A81-A53C-6D9C057F9143}.Release|ARM.ActiveCfg = Release|ARM
		{9C370CEE-8278-4A81-A53C-6D9C057F9143}.Release|ARM.Build.0 = Release|ARM
		{9C370CEE-8278-4A81-A53C-6D9C057F9143}.Release|x64.ActiveCfg = Release|Any CPU
		{9C370CEE-8278-4A81-A53C-6D9C057F9143}.Release|x86.ActiveCfg = Release|x86
		{9C370CEE-8278-4A81-A53C-6D9C057F9143}.Release|x86.Build.0 = Release|x86
		{2B2708AC-9266-430A-8B79-6B8DD1D33C4B}.Debug|Any CPU.ActiveCfg = Debug|Any CPU
		{2B2708AC-9266-430A-8B79-6B8DD1D33C4B}.Debug|Any CPU.Build.0 = Debug|Any CPU
		{2B2708AC-9266-430A-8B79-6B8DD1D33C4B}.Debug|ARM.ActiveCfg = Debug|ARM
		{2B2708AC-9266-430A-8B79-6B8DD1D33C4B}.Debug|ARM.Build.0 = Debug|ARM
		{2B2708AC-9266-430A-8B79-6B8DD1D33C4B}.Debug|x64.ActiveCfg = Debug|Any CPU
		{2B2708AC-9266-430A-8B79-6B8DD1D33C4B}.Debug|x86.ActiveCfg = Debug|x86
		{2B2708AC-9266-430A-8B79-6B8DD1D33C4B}.Debug|x86.Build.0 = Debug|x86
		{2B2708AC-9266-430A-8B79-6B8DD1D33C4B}.Release|Any CPU.ActiveCfg = Release|Any CPU
		{2B2708AC-9266-430A-8B79-6B8DD1D33C4B}.Release|Any CPU.Build.0 = Release|Any CPU
		{2B2708AC-9266-430A-8B79-6B8DD1D33C4B}.Release|ARM.ActiveCfg = Release|ARM
		{2B2708AC-9266-430A-8B79-6B8DD1D33C4B}.Release|ARM.Build.0 = Release|ARM
		{2B2708AC-9266-430A-8B79-6B8DD1D33C4B}.Release|x64.ActiveCfg = Release|Any CPU
		{2B2708AC-9266-430A-8B79-6B8DD1D33C4B}.Release|x86.ActiveCfg = Release|x86
		{2B2708AC-9266-430A-8B79-6B8DD1D33C4B}.Release|x86.Build.0 = Release|x86
		{ED79D5F1-530B-40E5-BE35-0588138FEA3D}.Debug|Any CPU.ActiveCfg = Debug|Any CPU
		{ED79D5F1-530B-40E5-BE35-0588138FEA3D}.Debug|Any CPU.Build.0 = Debug|Any CPU
		{ED79D5F1-530B-40E5-BE35-0588138FEA3D}.Debug|ARM.ActiveCfg = Debug|ARM
		{ED79D5F1-530B-40E5-BE35-0588138FEA3D}.Debug|ARM.Build.0 = Debug|ARM
		{ED79D5F1-530B-40E5-BE35-0588138FEA3D}.Debug|x64.ActiveCfg = Debug|Any CPU
		{ED79D5F1-530B-40E5-BE35-0588138FEA3D}.Debug|x86.ActiveCfg = Debug|x86
		{ED79D5F1-530B-40E5-BE35-0588138FEA3D}.Debug|x86.Build.0 = Debug|x86
		{ED79D5F1-530B-40E5-BE35-0588138FEA3D}.Release|Any CPU.ActiveCfg = Release|Any CPU
		{ED79D5F1-530B-40E5-BE35-0588138FEA3D}.Release|Any CPU.Build.0 = Release|Any CPU
		{ED79D5F1-530B-40E5-BE35-0588138FEA3D}.Release|ARM.ActiveCfg = Release|ARM
		{ED79D5F1-530B-40E5-BE35-0588138FEA3D}.Release|ARM.Build.0 = Release|ARM
		{ED79D5F1-530B-40E5-BE35-0588138FEA3D}.Release|x64.ActiveCfg = Release|Any CPU
		{ED79D5F1-530B-40E5-BE35-0588138FEA3D}.Release|x86.ActiveCfg = Release|x86
		{ED79D5F1-530B-40E5-BE35-0588138FEA3D}.Release|x86.Build.0 = Release|x86
	EndGlobalSection
	GlobalSection(SolutionProperties) = preSolution
		HideSolutionNode = FALSE
	EndGlobalSection
EndGlobal
